
Microsoft Visual Studio Solution File, Format Version 12.00
# Visual Studio Version 16
VisualStudioVersion = 16.0.30717.126
MinimumVisualStudioVersion = 10.0.40219.1
Project("{FAE04EC0-301F-11D3-BF4B-00C04F79EFBC}") = "Integral_solution", "Integral_solution\Integral_solution.csproj", "{9E6B7F5D-575D-4C55-B98B-6A4453C8028E}"
EndProject
Project("{FAE04EC0-301F-11D3-BF4B-00C04F79EFBC}") = "CalculateLibrary", "CalculateLibrary\CalculateLibrary.csproj", "{598A146B-A3A6-4CB3-B211-71A848E89264}"
EndProject
Global
	GlobalSection(SolutionConfigurationPlatforms) = preSolution
		Debug|Any CPU = Debug|Any CPU
		Release|Any CPU = Release|Any CPU
	EndGlobalSection
	GlobalSection(ProjectConfigurationPlatforms) = postSolution
		{9E6B7F5D-575D-4C55-B98B-6A4453C8028E}.Debug|Any CPU.ActiveCfg = Debug|Any CPU
		{9E6B7F5D-575D-4C55-B98B-6A4453C8028E}.Debug|Any CPU.Build.0 = Debug|Any CPU
		{9E6B7F5D-575D-4C55-B98B-6A4453C8028E}.Release|Any CPU.ActiveCfg = Release|Any CPU
		{9E6B7F5D-575D-4C55-B98B-6A4453C8028E}.Release|Any CPU.Build.0 = Release|Any CPU
		{598A146B-A3A6-4CB3-B211-71A848E89264}.Debug|Any CPU.ActiveCfg = Debug|Any CPU
		{598A146B-A3A6-4CB3-B211-71A848E89264}.Debug|Any CPU.Build.0 = Debug|Any CPU
		{598A146B-A3A6-4CB3-B211-71A848E89264}.Release|Any CPU.ActiveCfg = Release|Any CPU
		{598A146B-A3A6-4CB3-B211-71A848E89264}.Release|Any CPU.Build.0 = Release|Any CPU
	EndGlobalSection
	GlobalSection(SolutionProperties) = preSolution
		HideSolutionNode = FALSE
	EndGlobalSection
	GlobalSection(ExtensibilityGlobals) = postSolution
		SolutionGuid = {4BD4C269-AE24-419F-AAA1-ECBD26691F6E}
	EndGlobalSection
EndGlobal
